{
  "name": "npm-package-lock-add-resolved",
  "version": "1.0.0",
  "lockfileVersion": 2,
  "requires": true,
  "packages": {
    "": {
      "name": "npm-package-lock-add-resolved",
      "version": "1.0.0",
      "license": "ISC",
      "devDependencies": {
        "under-the-sun": "^2.1.1"
      }
    },
    "node_modules/under-the-sun": {
      "version": "2.1.1",
      "resolved": "https://registry.npmjs.org/under-the-sun/-/under-the-sun-2.1.1.tgz",
      "integrity": "sha512-mMKaqCEXesX7u607btQeNKzs7ZgzCY0fWjmKM9rtW2/MTQv3jxCGsylje9GpBQef8kuCaSJXc5aQc+B1CYTqWQ==",
      "dev": true,
      "bin": {
        "under-the-sun": "lib/cli.js",
        "uts": "lib/cli.js"
      }
    }
  },
  "dependencies": {
    "under-the-sun": {
      "version": "2.1.1",
      "resolved": "https://registry.npmjs.org/under-the-sun/-/under-the-sun-2.1.1.tgz",
      "integrity": "sha512-mMKaqCEXesX7u607btQeNKzs7ZgzCY0fWjmKM9rtW2/MTQv3jxCGsylje9GpBQef8kuCaSJXc5aQc+B1CYTqWQ==",
      "dev": true
    }
  }
}
