{
  "name": "test",
  "version": "0.0.1",
  "lockfileVersion": 2,
  "requires": true,
  "packages": {
    "": {
      "name": "test",
      "version": "0.0.1",
      "devDependencies": {
        "under-the-sun": "^2.1.1"
      }
    },
    "node_modules/under-the-sun": {
      "version": "2.1.1",
      "dev": true,
      "bin": {
        "under-the-sun": "lib/cli.js",
        "uts": "lib/cli.js"
      }
    }
  },
  "dependencies": {
    "under-the-sun": {
      "version": "2.1.1",
      "dev": true
    }
  }
}
